
Microsoft Visual Studio Solution File, Format Version 12.00
# Visual Studio Version 17
VisualStudioVersion = 17.7.34031.279
MinimumVisualStudioVersion = 10.0.40219.1
Project("{FAE04EC0-301F-11D3-BF4B-00C04F79EFBC}") = "S01.ConsoleApp.BeforeDotnet6", "S01\S01.ConsoleApp.BeforeDotnet6\S01.ConsoleApp.BeforeDotnet6.csproj", "{E34E379F-7ACD-46D6-B87C-795D24A5B09B}"
EndProject
Project("{FAE04EC0-301F-11D3-BF4B-00C04F79EFBC}") = "S01.ConsoleApp.TopLevelStatement", "S01\S01.ConsoleApp.TopLevelStatement\S01.ConsoleApp.TopLevelStatement.csproj", "{F519FE1C-1585-4F2F-8330-7C84C5154F86}"
EndProject
Global
	GlobalSection(SolutionConfigurationPlatforms) = preSolution
		Debug|Any CPU = Debug|Any CPU
		Release|Any CPU = Release|Any CPU
	EndGlobalSection
	GlobalSection(ProjectConfigurationPlatforms) = postSolution
		{E34E379F-7ACD-46D6-B87C-795D24A5B09B}.Debug|Any CPU.ActiveCfg = Debug|Any CPU
		{E34E379F-7ACD-46D6-B87C-795D24A5B09B}.Debug|Any CPU.Build.0 = Debug|Any CPU
		{E34E379F-7ACD-46D6-B87C-795D24A5B09B}.Release|Any CPU.ActiveCfg = Release|Any CPU
		{E34E379F-7ACD-46D6-B87C-795D24A5B09B}.Release|Any CPU.Build.0 = Release|Any CPU
		{F519FE1C-1585-4F2F-8330-7C84C5154F86}.Debug|Any CPU.ActiveCfg = Debug|Any CPU
		{F519FE1C-1585-4F2F-8330-7C84C5154F86}.Debug|Any CPU.Build.0 = Debug|Any CPU
		{F519FE1C-1585-4F2F-8330-7C84C5154F86}.Release|Any CPU.ActiveCfg = Release|Any CPU
		{F519FE1C-1585-4F2F-8330-7C84C5154F86}.Release|Any CPU.Build.0 = Release|Any CPU
	EndGlobalSection
	GlobalSection(SolutionProperties) = preSolution
		HideSolutionNode = FALSE
	EndGlobalSection
	GlobalSection(ExtensibilityGlobals) = postSolution
		SolutionGuid = {93C6D0AD-F0F7-4A1A-902B-CD9F1EDED7CA}
	EndGlobalSection
EndGlobal
