
Microsoft Visual Studio Solution File, Format Version 12.00
# Visual Studio Version 17
VisualStudioVersion = 17.7.34031.279
MinimumVisualStudioVersion = 10.0.40219.1
Project("{9A19103F-16F7-4668-BE54-9A1E7A4F7556}") = "S04.ConsoleApp.BeforeDotnet6", "S04\S04.ConsoleApp.BeforeDotnet6\S04.ConsoleApp.BeforeDotnet6.csproj", "{E34E379F-7ACD-46D6-B87C-795D24A5B09B}"
EndProject
Project("{9A19103F-16F7-4668-BE54-9A1E7A4F7556}") = "S04.ConsoleApp.TopLevelStatement", "S04\S04.ConsoleApp.TopLevelStatement\S04.ConsoleApp.TopLevelStatement.csproj", "{F519FE1C-1585-4F2F-8330-7C84C5154F86}"
EndProject
Project("{9A19103F-16F7-4668-BE54-9A1E7A4F7556}") = "S05.ConsoleApp.InputOutput", "S05\S05.ConsoleApp.InputOutput\S05.ConsoleApp.InputOutput.csproj", "{4E8B4C0F-20AD-4812-B9AE-73FB7527B718}"
EndProject
Project("{9A19103F-16F7-4668-BE54-9A1E7A4F7556}") = "S06.ConsoleApp.Variables", "S06\S06.ConsoleApp.Variables\S06.ConsoleApp.Variables.csproj", "{2EF9CDC3-1CB0-4435-961D-3B6D6FB7E667}"
EndProject
Project("{9A19103F-16F7-4668-BE54-9A1E7A4F7556}") = "S07.ConsoleApp.Naming", "S07\S07.ConsoleApp.Naming\S07.ConsoleApp.Naming.csproj", "{B1E8F6A0-9D6F-4B20-BCA7-4BAB31CC839B}"
EndProject
Project("{9A19103F-16F7-4668-BE54-9A1E7A4F7556}") = "S08.ConsoleApp.DataTypes", "S08\S08.ConsoleApp.DataTypes.Part1\S08.ConsoleApp.DataTypes.csproj", "{ED5C0D3E-B469-4F41-8B7D-6CFCED452BF1}"
EndProject
Project("{9A19103F-16F7-4668-BE54-9A1E7A4F7556}") = "S09.ConsoleApp.DataTypes.Numeric.Integral", "S08\S08.ConsoleApp.DataTypes.Part3.Numeric.Integral\S09.ConsoleApp.DataTypes.Numeric.Integral.csproj", "{4A592451-5AEB-4DAC-A2D1-909D390E0666}"
EndProject
Project("{2150E333-8FDC-42A3-9474-1A3956D46DE8}") = "S04 (TopLevelStatement)", "S04 (TopLevelStatement)", "{42A3B08D-BF6C-4730-BDCE-7A7D7A7294F2}"
EndProject
Project("{2150E333-8FDC-42A3-9474-1A3956D46DE8}") = "S05 (Input-Output)", "S05 (Input-Output)", "{C7F84B05-3408-4939-82C9-F6AF2558B8C7}"
EndProject
Project("{2150E333-8FDC-42A3-9474-1A3956D46DE8}") = "S06 (Variables)", "S06 (Variables)", "{B014BB34-DC22-48BF-80D7-D5F48529EA99}"
EndProject
Project("{2150E333-8FDC-42A3-9474-1A3956D46DE8}") = "S07 (Naming)", "S07 (Naming)", "{6F03D354-A825-44CB-BA04-B75C6948181B}"
EndProject
Project("{2150E333-8FDC-42A3-9474-1A3956D46DE8}") = "S08-DataTypes", "S08-DataTypes", "{FC4322C3-7F6F-4F15-8EAF-F7B05C4D2CA3}"
EndProject
Project("{9A19103F-16F7-4668-BE54-9A1E7A4F7556}") = "S10.ConsoleApp.DataTypes.Numeric.Fractional", "S08\S08.ConsoleApp.DataTypes.Part4.Numeric.Fractional\S10.ConsoleApp.DataTypes.Numeric.Fractional.csproj", "{08345CA8-B696-4E1A-8471-2609ED5EA67A}"
EndProject
Project("{2150E333-8FDC-42A3-9474-1A3956D46DE8}") = "S11-DataTypes-StringsAndChars", "S11-DataTypes-StringsAndChars", "{05B4DA09-0782-4B37-AF4E-BD823E1D85F5}"
EndProject
Project("{2150E333-8FDC-42A3-9474-1A3956D46DE8}") = "S10-DataTypes-Numeric-Fractional", "S10-DataTypes-Numeric-Fractional", "{3944289A-CACA-49F7-A615-6988DDA4A7FC}"
EndProject
Project("{2150E333-8FDC-42A3-9474-1A3956D46DE8}") = "S09-DataTypes-Numeric-Integral", "S09-DataTypes-Numeric-Integral", "{A3836610-D4F1-44D8-9D13-E0056845DA87}"
EndProject
Global
	GlobalSection(SolutionConfigurationPlatforms) = preSolution
		Debug|Any CPU = Debug|Any CPU
		Debug|x86 = Debug|x86
		Release|Any CPU = Release|Any CPU
		Release|x86 = Release|x86
	EndGlobalSection
	GlobalSection(ProjectConfigurationPlatforms) = postSolution
		{E34E379F-7ACD-46D6-B87C-795D24A5B09B}.Debug|Any CPU.ActiveCfg = Debug|Any CPU
		{E34E379F-7ACD-46D6-B87C-795D24A5B09B}.Debug|Any CPU.Build.0 = Debug|Any CPU
		{E34E379F-7ACD-46D6-B87C-795D24A5B09B}.Debug|x86.ActiveCfg = Debug|Any CPU
		{E34E379F-7ACD-46D6-B87C-795D24A5B09B}.Debug|x86.Build.0 = Debug|Any CPU
		{E34E379F-7ACD-46D6-B87C-795D24A5B09B}.Release|Any CPU.ActiveCfg = Release|Any CPU
		{E34E379F-7ACD-46D6-B87C-795D24A5B09B}.Release|Any CPU.Build.0 = Release|Any CPU
		{E34E379F-7ACD-46D6-B87C-795D24A5B09B}.Release|x86.ActiveCfg = Release|Any CPU
		{E34E379F-7ACD-46D6-B87C-795D24A5B09B}.Release|x86.Build.0 = Release|Any CPU
		{F519FE1C-1585-4F2F-8330-7C84C5154F86}.Debug|Any CPU.ActiveCfg = Debug|Any CPU
		{F519FE1C-1585-4F2F-8330-7C84C5154F86}.Debug|Any CPU.Build.0 = Debug|Any CPU
		{F519FE1C-1585-4F2F-8330-7C84C5154F86}.Debug|x86.ActiveCfg = Debug|Any CPU
		{F519FE1C-1585-4F2F-8330-7C84C5154F86}.Debug|x86.Build.0 = Debug|Any CPU
		{F519FE1C-1585-4F2F-8330-7C84C5154F86}.Release|Any CPU.ActiveCfg = Release|Any CPU
		{F519FE1C-1585-4F2F-8330-7C84C5154F86}.Release|Any CPU.Build.0 = Release|Any CPU
		{F519FE1C-1585-4F2F-8330-7C84C5154F86}.Release|x86.ActiveCfg = Release|Any CPU
		{F519FE1C-1585-4F2F-8330-7C84C5154F86}.Release|x86.Build.0 = Release|Any CPU
		{4E8B4C0F-20AD-4812-B9AE-73FB7527B718}.Debug|Any CPU.ActiveCfg = Debug|Any CPU
		{4E8B4C0F-20AD-4812-B9AE-73FB7527B718}.Debug|Any CPU.Build.0 = Debug|Any CPU
		{4E8B4C0F-20AD-4812-B9AE-73FB7527B718}.Debug|x86.ActiveCfg = Debug|Any CPU
		{4E8B4C0F-20AD-4812-B9AE-73FB7527B718}.Debug|x86.Build.0 = Debug|Any CPU
		{4E8B4C0F-20AD-4812-B9AE-73FB7527B718}.Release|Any CPU.ActiveCfg = Release|Any CPU
		{4E8B4C0F-20AD-4812-B9AE-73FB7527B718}.Release|Any CPU.Build.0 = Release|Any CPU
		{4E8B4C0F-20AD-4812-B9AE-73FB7527B718}.Release|x86.ActiveCfg = Release|Any CPU
		{4E8B4C0F-20AD-4812-B9AE-73FB7527B718}.Release|x86.Build.0 = Release|Any CPU
		{2EF9CDC3-1CB0-4435-961D-3B6D6FB7E667}.Debug|Any CPU.ActiveCfg = Debug|Any CPU
		{2EF9CDC3-1CB0-4435-961D-3B6D6FB7E667}.Debug|Any CPU.Build.0 = Debug|Any CPU
		{2EF9CDC3-1CB0-4435-961D-3B6D6FB7E667}.Debug|x86.ActiveCfg = Debug|Any CPU
		{2EF9CDC3-1CB0-4435-961D-3B6D6FB7E667}.Debug|x86.Build.0 = Debug|Any CPU
		{2EF9CDC3-1CB0-4435-961D-3B6D6FB7E667}.Release|Any CPU.ActiveCfg = Release|Any CPU
		{2EF9CDC3-1CB0-4435-961D-3B6D6FB7E667}.Release|Any CPU.Build.0 = Release|Any CPU
		{2EF9CDC3-1CB0-4435-961D-3B6D6FB7E667}.Release|x86.ActiveCfg = Release|Any CPU
		{2EF9CDC3-1CB0-4435-961D-3B6D6FB7E667}.Release|x86.Build.0 = Release|Any CPU
		{B1E8F6A0-9D6F-4B20-BCA7-4BAB31CC839B}.Debug|Any CPU.ActiveCfg = Debug|Any CPU
		{B1E8F6A0-9D6F-4B20-BCA7-4BAB31CC839B}.Debug|Any CPU.Build.0 = Debug|Any CPU
		{B1E8F6A0-9D6F-4B20-BCA7-4BAB31CC839B}.Debug|x86.ActiveCfg = Debug|Any CPU
		{B1E8F6A0-9D6F-4B20-BCA7-4BAB31CC839B}.Debug|x86.Build.0 = Debug|Any CPU
		{B1E8F6A0-9D6F-4B20-BCA7-4BAB31CC839B}.Release|Any CPU.ActiveCfg = Release|Any CPU
		{B1E8F6A0-9D6F-4B20-BCA7-4BAB31CC839B}.Release|Any CPU.Build.0 = Release|Any CPU
		{B1E8F6A0-9D6F-4B20-BCA7-4BAB31CC839B}.Release|x86.ActiveCfg = Release|Any CPU
		{B1E8F6A0-9D6F-4B20-BCA7-4BAB31CC839B}.Release|x86.Build.0 = Release|Any CPU
		{ED5C0D3E-B469-4F41-8B7D-6CFCED452BF1}.Debug|Any CPU.ActiveCfg = Debug|Any CPU
		{ED5C0D3E-B469-4F41-8B7D-6CFCED452BF1}.Debug|Any CPU.Build.0 = Debug|Any CPU
		{ED5C0D3E-B469-4F41-8B7D-6CFCED452BF1}.Debug|x86.ActiveCfg = Debug|Any CPU
		{ED5C0D3E-B469-4F41-8B7D-6CFCED452BF1}.Debug|x86.Build.0 = Debug|Any CPU
		{ED5C0D3E-B469-4F41-8B7D-6CFCED452BF1}.Release|Any CPU.ActiveCfg = Release|Any CPU
		{ED5C0D3E-B469-4F41-8B7D-6CFCED452BF1}.Release|Any CPU.Build.0 = Release|Any CPU
		{ED5C0D3E-B469-4F41-8B7D-6CFCED452BF1}.Release|x86.ActiveCfg = Release|Any CPU
		{ED5C0D3E-B469-4F41-8B7D-6CFCED452BF1}.Release|x86.Build.0 = Release|Any CPU
		{4A592451-5AEB-4DAC-A2D1-909D390E0666}.Debug|Any CPU.ActiveCfg = Debug|Any CPU
		{4A592451-5AEB-4DAC-A2D1-909D390E0666}.Debug|Any CPU.Build.0 = Debug|Any CPU
		{4A592451-5AEB-4DAC-A2D1-909D390E0666}.Debug|x86.ActiveCfg = Debug|x86
		{4A592451-5AEB-4DAC-A2D1-909D390E0666}.Debug|x86.Build.0 = Debug|x86
		{4A592451-5AEB-4DAC-A2D1-909D390E0666}.Release|Any CPU.ActiveCfg = Release|Any CPU
		{4A592451-5AEB-4DAC-A2D1-909D390E0666}.Release|Any CPU.Build.0 = Release|Any CPU
		{4A592451-5AEB-4DAC-A2D1-909D390E0666}.Release|x86.ActiveCfg = Release|x86
		{4A592451-5AEB-4DAC-A2D1-909D390E0666}.Release|x86.Build.0 = Release|x86
		{08345CA8-B696-4E1A-8471-2609ED5EA67A}.Debug|Any CPU.ActiveCfg = Debug|Any CPU
		{08345CA8-B696-4E1A-8471-2609ED5EA67A}.Debug|Any CPU.Build.0 = Debug|Any CPU
		{08345CA8-B696-4E1A-8471-2609ED5EA67A}.Debug|x86.ActiveCfg = Debug|Any CPU
		{08345CA8-B696-4E1A-8471-2609ED5EA67A}.Debug|x86.Build.0 = Debug|Any CPU
		{08345CA8-B696-4E1A-8471-2609ED5EA67A}.Release|Any CPU.ActiveCfg = Release|Any CPU
		{08345CA8-B696-4E1A-8471-2609ED5EA67A}.Release|Any CPU.Build.0 = Release|Any CPU
		{08345CA8-B696-4E1A-8471-2609ED5EA67A}.Release|x86.ActiveCfg = Release|Any CPU
		{08345CA8-B696-4E1A-8471-2609ED5EA67A}.Release|x86.Build.0 = Release|Any CPU
	EndGlobalSection
	GlobalSection(SolutionProperties) = preSolution
		HideSolutionNode = FALSE
	EndGlobalSection
	GlobalSection(NestedProjects) = preSolution
		{E34E379F-7ACD-46D6-B87C-795D24A5B09B} = {42A3B08D-BF6C-4730-BDCE-7A7D7A7294F2}
		{F519FE1C-1585-4F2F-8330-7C84C5154F86} = {42A3B08D-BF6C-4730-BDCE-7A7D7A7294F2}
		{4E8B4C0F-20AD-4812-B9AE-73FB7527B718} = {C7F84B05-3408-4939-82C9-F6AF2558B8C7}
		{2EF9CDC3-1CB0-4435-961D-3B6D6FB7E667} = {B014BB34-DC22-48BF-80D7-D5F48529EA99}
		{B1E8F6A0-9D6F-4B20-BCA7-4BAB31CC839B} = {6F03D354-A825-44CB-BA04-B75C6948181B}
		{ED5C0D3E-B469-4F41-8B7D-6CFCED452BF1} = {FC4322C3-7F6F-4F15-8EAF-F7B05C4D2CA3}
		{4A592451-5AEB-4DAC-A2D1-909D390E0666} = {A3836610-D4F1-44D8-9D13-E0056845DA87}
		{08345CA8-B696-4E1A-8471-2609ED5EA67A} = {3944289A-CACA-49F7-A615-6988DDA4A7FC}
	EndGlobalSection
	GlobalSection(ExtensibilityGlobals) = postSolution
		SolutionGuid = {93C6D0AD-F0F7-4A1A-902B-CD9F1EDED7CA}
	EndGlobalSection
EndGlobal
